
Microsoft Visual Studio Solution File, Format Version 12.00
# Visual Studio 15
VisualStudioVersion = 15.0.28010.2036
MinimumVisualStudioVersion = 10.0.40219.1
Project("{FAE04EC0-301F-11D3-BF4B-00C04F79EFBC}") = "part 6", "part 6\part 6.csproj", "{EDD4BADF-185F-4A14-9E60-9B41FAFB1962}"
EndProject
Global
	GlobalSection(SolutionConfigurationPlatforms) = preSolution
		Debug|Any CPU = Debug|Any CPU
		Release|Any CPU = Release|Any CPU
	EndGlobalSection
	GlobalSection(ProjectConfigurationPlatforms) = postSolution
		{EDD4BADF-185F-4A14-9E60-9B41FAFB1962}.Debug|Any CPU.ActiveCfg = Debug|Any CPU
		{EDD4BADF-185F-4A14-9E60-9B41FAFB1962}.Debug|Any CPU.Build.0 = Debug|Any CPU
		{EDD4BADF-185F-4A14-9E60-9B41FAFB1962}.Release|Any CPU.ActiveCfg = Release|Any CPU
		{EDD4BADF-185F-4A14-9E60-9B41FAFB1962}.Release|Any CPU.Build.0 = Release|Any CPU
	EndGlobalSection
	GlobalSection(SolutionProperties) = preSolution
		HideSolutionNode = FALSE
	EndGlobalSection
	GlobalSection(ExtensibilityGlobals) = postSolution
		SolutionGuid = {C7FCB8B3-5A77-44F3-8D65-E77D35667E0D}
	EndGlobalSection
EndGlobal
